
Microsoft Visual Studio Solution File, Format Version 12.00
# Visual Studio 2012
Project("{FAE04EC0-301F-11D3-BF4B-00C04F79EFBC}") = "GammaJul.ReSharper.ForTea", "GammaJul.ReSharper.ForTea\GammaJul.ReSharper.ForTea.csproj", "{EA095A20-2A80-43BB-97B7-C8FC2B419B53}"
EndProject
Global
	GlobalSection(SolutionConfigurationPlatforms) = preSolution
		Debug|Any CPU = Debug|Any CPU
		Release|Any CPU = Release|Any CPU
	EndGlobalSection
	GlobalSection(ProjectConfigurationPlatforms) = postSolution
		{EA095A20-2A80-43BB-97B7-C8FC2B419B53}.Debug|Any CPU.ActiveCfg = Debug|Any CPU
		{EA095A20-2A80-43BB-97B7-C8FC2B419B53}.Debug|Any CPU.Build.0 = Debug|Any CPU
		{EA095A20-2A80-43BB-97B7-C8FC2B419B53}.Release|Any CPU.ActiveCfg = Release|Any CPU
		{EA095A20-2A80-43BB-97B7-C8FC2B419B53}.Release|Any CPU.Build.0 = Release|Any CPU
	EndGlobalSection
	GlobalSection(SolutionProperties) = preSolution
		HideSolutionNode = FALSE
	EndGlobalSection
	GlobalSection(ExtensibilityGlobals) = postSolution
		VisualSVNWorkingCopyRoot = .
	EndGlobalSection
EndGlobal
