
Microsoft Visual Studio Solution File, Format Version 12.00
# Visual Studio 15
VisualStudioVersion = 15.0.27130.2003
MinimumVisualStudioVersion = 15.0.27130.2003
Project("{9A19103F-16F7-4668-BE54-9A1E7A4F7556}") = ".build", "build\.build.csproj", "{C3BAC890-6656-48CF-BC81-7E35AB72D690}"
EndProject
Project("{9A19103F-16F7-4668-BE54-9A1E7A4F7556}") = "GammaJul.ReSharper.ForTea", "source\GammaJul.ReSharper.ForTea\GammaJul.ReSharper.ForTea.csproj", "{63F25238-06BA-4861-95A2-DA35A1D18B65}"
EndProject
Global
	GlobalSection(SolutionConfigurationPlatforms) = preSolution
		All|Any CPU = All|Any CPU
		All|x86 = All|x86
		Debug|Any CPU = Debug|Any CPU
		Debug|x86 = Debug|x86
		Release|Any CPU = Release|Any CPU
		Release|x86 = Release|x86
	EndGlobalSection
	GlobalSection(ProjectConfigurationPlatforms) = postSolution
		{C3BAC890-6656-48CF-BC81-7E35AB72D690}.All|Any CPU.ActiveCfg = Release|Any CPU
		{C3BAC890-6656-48CF-BC81-7E35AB72D690}.All|Any CPU.Build.0 = Release|Any CPU
		{C3BAC890-6656-48CF-BC81-7E35AB72D690}.All|x86.ActiveCfg = Release|Any CPU
		{C3BAC890-6656-48CF-BC81-7E35AB72D690}.All|x86.Build.0 = Release|Any CPU
		{C3BAC890-6656-48CF-BC81-7E35AB72D690}.Debug|Any CPU.ActiveCfg = Debug|Any CPU
		{C3BAC890-6656-48CF-BC81-7E35AB72D690}.Debug|x86.ActiveCfg = Debug|Any CPU
		{C3BAC890-6656-48CF-BC81-7E35AB72D690}.Debug|x86.Build.0 = Debug|Any CPU
		{C3BAC890-6656-48CF-BC81-7E35AB72D690}.Release|Any CPU.ActiveCfg = Release|Any CPU
		{C3BAC890-6656-48CF-BC81-7E35AB72D690}.Release|x86.ActiveCfg = Release|Any CPU
		{C3BAC890-6656-48CF-BC81-7E35AB72D690}.Release|x86.Build.0 = Release|Any CPU
		{63F25238-06BA-4861-95A2-DA35A1D18B65}.All|Any CPU.ActiveCfg = Release|Any CPU
		{63F25238-06BA-4861-95A2-DA35A1D18B65}.All|Any CPU.Build.0 = Release|Any CPU
		{63F25238-06BA-4861-95A2-DA35A1D18B65}.All|x86.ActiveCfg = Release|Any CPU
		{63F25238-06BA-4861-95A2-DA35A1D18B65}.Debug|Any CPU.ActiveCfg = Debug|Any CPU
		{63F25238-06BA-4861-95A2-DA35A1D18B65}.Debug|Any CPU.Build.0 = Debug|Any CPU
		{63F25238-06BA-4861-95A2-DA35A1D18B65}.Debug|x86.ActiveCfg = Debug|Any CPU
		{63F25238-06BA-4861-95A2-DA35A1D18B65}.Release|Any CPU.ActiveCfg = Release|Any CPU
		{63F25238-06BA-4861-95A2-DA35A1D18B65}.Release|Any CPU.Build.0 = Release|Any CPU
		{63F25238-06BA-4861-95A2-DA35A1D18B65}.Release|x86.ActiveCfg = Release|Any CPU
	EndGlobalSection
	GlobalSection(SolutionProperties) = preSolution
		HideSolutionNode = FALSE
	EndGlobalSection
	GlobalSection(ExtensibilityGlobals) = postSolution
		SolutionGuid = {8AC999FF-8B2A-48E7-B69E-9F8CB884B0F0}
	EndGlobalSection
EndGlobal
